
Microsoft Visual Studio Solution File, Format Version 12.00
# Visual Studio Version 17
VisualStudioVersion = 17.10.34928.147
MinimumVisualStudioVersion = 10.0.40219.1
Project("{9A19103F-16F7-4668-BE54-9A1E7A4F7556}") = "BaiSol.Server", "BaiSol.Server\BaiSol.Server.csproj", "{F61787A3-8594-4086-874B-5483C8441AA1}"
EndProject
Project("{9A19103F-16F7-4668-BE54-9A1E7A4F7556}") = "AuthLibrary", "AuthLibrary\AuthLibrary.csproj", "{2B3E07D3-267C-4D44-9B4C-6D57A6F37A0D}"
EndProject
Project("{9A19103F-16F7-4668-BE54-9A1E7A4F7556}") = "DataLibrary", "DataLibrary\DataLibrary.csproj", "{25260039-CB27-487A-8496-31315AA55587}"
EndProject
Project("{9A19103F-16F7-4668-BE54-9A1E7A4F7556}") = "ProjectLibrary", "ProjectLibrary\ProjectLibrary.csproj", "{2B79DD5E-1B92-4C80-95DF-3E581EC1A9FF}"
EndProject
Project("{9A19103F-16F7-4668-BE54-9A1E7A4F7556}") = "BaseLibrary", "BaseLibrary\BaseLibrary.csproj", "{6B64B208-4BEE-4EAA-A245-B4280F5FD41B}"
EndProject
Global
	GlobalSection(SolutionConfigurationPlatforms) = preSolution
		Debug|Any CPU = Debug|Any CPU
		Release|Any CPU = Release|Any CPU
	EndGlobalSection
	GlobalSection(ProjectConfigurationPlatforms) = postSolution
		{F61787A3-8594-4086-874B-5483C8441AA1}.Debug|Any CPU.ActiveCfg = Debug|Any CPU
		{F61787A3-8594-4086-874B-5483C8441AA1}.Debug|Any CPU.Build.0 = Debug|Any CPU
		{F61787A3-8594-4086-874B-5483C8441AA1}.Release|Any CPU.ActiveCfg = Release|Any CPU
		{F61787A3-8594-4086-874B-5483C8441AA1}.Release|Any CPU.Build.0 = Release|Any CPU
		{2B3E07D3-267C-4D44-9B4C-6D57A6F37A0D}.Debug|Any CPU.ActiveCfg = Debug|Any CPU
		{2B3E07D3-267C-4D44-9B4C-6D57A6F37A0D}.Debug|Any CPU.Build.0 = Debug|Any CPU
		{2B3E07D3-267C-4D44-9B4C-6D57A6F37A0D}.Release|Any CPU.ActiveCfg = Release|Any CPU
		{2B3E07D3-267C-4D44-9B4C-6D57A6F37A0D}.Release|Any CPU.Build.0 = Release|Any CPU
		{25260039-CB27-487A-8496-31315AA55587}.Debug|Any CPU.ActiveCfg = Debug|Any CPU
		{25260039-CB27-487A-8496-31315AA55587}.Debug|Any CPU.Build.0 = Debug|Any CPU
		{25260039-CB27-487A-8496-31315AA55587}.Release|Any CPU.ActiveCfg = Release|Any CPU
		{25260039-CB27-487A-8496-31315AA55587}.Release|Any CPU.Build.0 = Release|Any CPU
		{2B79DD5E-1B92-4C80-95DF-3E581EC1A9FF}.Debug|Any CPU.ActiveCfg = Debug|Any CPU
		{2B79DD5E-1B92-4C80-95DF-3E581EC1A9FF}.Debug|Any CPU.Build.0 = Debug|Any CPU
		{2B79DD5E-1B92-4C80-95DF-3E581EC1A9FF}.Release|Any CPU.ActiveCfg = Release|Any CPU
		{2B79DD5E-1B92-4C80-95DF-3E581EC1A9FF}.Release|Any CPU.Build.0 = Release|Any CPU
		{6B64B208-4BEE-4EAA-A245-B4280F5FD41B}.Debug|Any CPU.ActiveCfg = Debug|Any CPU
		{6B64B208-4BEE-4EAA-A245-B4280F5FD41B}.Debug|Any CPU.Build.0 = Debug|Any CPU
		{6B64B208-4BEE-4EAA-A245-B4280F5FD41B}.Release|Any CPU.ActiveCfg = Release|Any CPU
		{6B64B208-4BEE-4EAA-A245-B4280F5FD41B}.Release|Any CPU.Build.0 = Release|Any CPU
	EndGlobalSection
	GlobalSection(SolutionProperties) = preSolution
		HideSolutionNode = FALSE
	EndGlobalSection
	GlobalSection(ExtensibilityGlobals) = postSolution
		SolutionGuid = {AF58B831-70E0-4A9B-96C1-218D863FE068}
	EndGlobalSection
EndGlobal
